{
  "version": "4",
  "specifiers": {
    "jsr:@b-fuze/deno-dom@*": "0.1.49",
    "jsr:@hono/hono@^4.6.19": "4.6.19"
  },
  "jsr": {
    "@b-fuze/deno-dom@0.1.49": {
      "integrity": "45c40175fdd1e74ab2d4b54c4fdaabbad6e5b76ee28df12a48e076b3fa7901a9"
    },
    "@hono/hono@4.6.19": {
      "integrity": "5ba1bd0ef74449c0a647f029e29896776c30fb64aefbcef8724af4ce4846791b"
    }
  },
  "redirects": {
    "https://deno.land/x/deno_dom/deno-dom-wasm.ts": "https://deno.land/x/deno_dom@v0.1.49/deno-dom-wasm.ts"
  },
  "remote": {
    "https://cdn.skypack.dev/-/boolbase@v1.0.0-VOm51i7l8eNaWy5whtPS/dist=es2019,mode=imports/optimized/boolbase.js": "4940121004d9361cc93959178e9aed3ab5bf31a576ab4d39d1e757efb7bd3270",
    "https://cdn.skypack.dev/-/cheerio-select@v2.1.0-3jQ9aaXMWR0anNb0rdBs/dist=es2019,mode=imports/optimized/cheerio-select.js": "2e2c8d8d6e03462999dd804f0f773a4ac829c4bfdbcf0090237015fc17aac18b",
    "https://cdn.skypack.dev/-/cheerio@v1.0.0-rc.12-d2orEfV7mEyxhcmv8Jbn/dist=es2019,mode=imports/optimized/cheerio.js": "c33cf2e17d45ef677c0d875eec1c9418fbfbe5bca8c0b4c75cce5f0310cc8068",
    "https://cdn.skypack.dev/-/cheerio@v1.0.0-rc.12-d2orEfV7mEyxhcmv8Jbn/dist=es2019,mode=imports/optimized/cheerio/lib/utils.js": "334eefa18f525607f76b3c376fdb8620ad44812ba85d23c3fc50ffdee2312591",
    "https://cdn.skypack.dev/-/cheerio@v1.0.0-rc.12-d2orEfV7mEyxhcmv8Jbn/dist=es2019,mode=imports/optimized/common/load-4922a70c.js": "ea721bdfbd5a2b2e01d3eabfb6b22fe4b624cf9ae84023a8230ff265f8e5ad71",
    "https://cdn.skypack.dev/-/css-select@v5.1.0-lzo7kuDagEAqaWVyUzkG/dist=es2019,mode=imports/optimized/css-select.js": "b07c810252c72f1fd6baa4cab19a215d2591770d8aa64462af497eeb309a140d",
    "https://cdn.skypack.dev/-/css-what@v6.1.0-wTvp3wF3BRcbbnFpaqAF/dist=es2019,mode=imports/optimized/css-what.js": "4c9ccab1a99452ffa4807903c60c8b708d7f443232a25f53c97447b247b284e7",
    "https://cdn.skypack.dev/-/dom-serializer@v2.0.0-0QgVINP0DwZRFE7238Nk/dist=es2019,mode=imports/optimized/dom-serializer.js": "dc85ab2b45768d36455f9d25af7b5b7a953dfad27e29bc3198b2aa49ec4f7e54",
    "https://cdn.skypack.dev/-/domelementtype@v2.3.0-PrmNUNoEHMqortEMiiky/dist=es2019,mode=imports/optimized/domelementtype.js": "c76f161d2800c2aa1ba03741d35a2935291b225fc59cbaa15bfc669f6becde49",
    "https://cdn.skypack.dev/-/domhandler@v5.0.2-qvBtZhQ6wRKNZJnPd1dK/dist=es2019,mode=imports/optimized/domhandler.js": "4ec6affc98e450c56ae741ba3b3f3c04c5d88cae4b08bb64fd3096ab2ba5c4f5",
    "https://cdn.skypack.dev/-/domhandler@v5.0.3-oHQ1zBLd64RIysV9PvVR/dist=es2019,mode=imports/optimized/domhandler.js": "4ec6affc98e450c56ae741ba3b3f3c04c5d88cae4b08bb64fd3096ab2ba5c4f5",
    "https://cdn.skypack.dev/-/domutils@v3.0.1-AxLWD9jG78wB01z8Pizf/dist=es2019,mode=imports/optimized/domutils.js": "761500899cc80c09524f905c344f63ecd42bdd3997554a3ed026e851b2aabe6d",
    "https://cdn.skypack.dev/-/entities@v4.2.0-t42Wo66cVV1L2FcPgERr/dist=es2019,mode=imports/optimized/entities.js": "2d8104083e415a8a64ac570887969694f5b1e2d3f790c1d16c931fa332623712",
    "https://cdn.skypack.dev/-/entities@v4.2.0-t42Wo66cVV1L2FcPgERr/dist=es2019,mode=imports/optimized/entities/lib/decode.js": "50abc6be1e1aa94ce64fc2523b92a4edd3560fc05d6b3e485d79ecf3d415819f",
    "https://cdn.skypack.dev/-/entities@v4.3.0-V4vIlnoYfSBRg1gj9BOL/dist=es2019,mode=imports/optimized/entities/lib/decode.js": "dd84a854d62cc7ae8b6ee31a6a83a49b8b560e379f44a59b8b0a4e9a883e72d8",
    "https://cdn.skypack.dev/-/entities@v4.3.0-V4vIlnoYfSBRg1gj9BOL/dist=es2019,mode=imports/optimized/entities/lib/escape.js": "77a8cdaf34edd3f1808bf207f8eb174d7836fa354f3a2359eb1f867981e44230",
    "https://cdn.skypack.dev/-/htmlparser2@v8.0.1-5ZdnwUWrSTqKCARDEeGB/dist=es2019,mode=imports/optimized/common/Parser-5b65a52d.js": "799693691b40d5d4ed02db4121ae4ae226d0283620d7e8c0a199bbab9b330e2f",
    "https://cdn.skypack.dev/-/htmlparser2@v8.0.1-5ZdnwUWrSTqKCARDEeGB/dist=es2019,mode=imports/optimized/htmlparser2.js": "46317a93c154d7cb1fa19c6a100a2a1f70c40fa6e11152b339712f294d7c8f9c",
    "https://cdn.skypack.dev/-/nth-check@v2.0.1-2f5siX0mso3eC2ZgQX1j/dist=es2019,mode=imports/optimized/nth-check.js": "45b0ca0b9f1522b53b966d271456772c23d103f0852107081976e35284662743",
    "https://cdn.skypack.dev/-/parse5-htmlparser2-tree-adapter@v7.0.0-Yds3pDou8tm4yIHAlVGV/dist=es2019,mode=imports/optimized/parse5-htmlparser2-tree-adapter.js": "9b2fe059f0f91aefe9f09cfd1dd86ac435257db9e28295d6d8cf08d409be2ebb",
    "https://cdn.skypack.dev/-/parse5@v7.0.0-4AUKIZfwEPUbwYAbyTrt/dist=es2019,mode=imports/optimized/parse5.js": "447947031671020d86edfd828d5cb913c4a6201c338a08302e961a10cbfeb579",
    "https://cdn.skypack.dev/cheerio@1.0.0-rc.12": "8a8d49b7979e8e67081fac464288110443f3c67d0b09994f81bbdf57f3b29fdb",
    "https://deno.land/std@0.182.0/_util/asserts.ts": "178dfc49a464aee693a7e285567b3d0b555dc805ff490505a8aae34f9cfb1462",
    "https://deno.land/std@0.182.0/async/abortable.ts": "fd682fa46f3b7b16b4606a5ab52a7ce309434b76f820d3221bdfb862719a15d7",
    "https://deno.land/std@0.182.0/async/deadline.ts": "c5facb0b404eede83e38bd2717ea8ab34faa2ffb20ef87fd261fcba32ba307aa",
    "https://deno.land/std@0.182.0/async/debounce.ts": "adab11d04ca38d699444ac8a9d9856b4155e8dda2afd07ce78276c01ea5a4332",
    "https://deno.land/std@0.182.0/async/deferred.ts": "42790112f36a75a57db4a96d33974a936deb7b04d25c6084a9fa8a49f135def8",
    "https://deno.land/std@0.182.0/async/delay.ts": "73aa04cec034c84fc748c7be49bb15cac3dd43a57174bfdb7a4aec22c248f0dd",
    "https://deno.land/std@0.182.0/async/mod.ts": "f04344fa21738e5ad6bea37a6bfffd57c617c2d372bb9f9dcfd118a1b622e576",
    "https://deno.land/std@0.182.0/async/mux_async_iterator.ts": "70c7f2ee4e9466161350473ad61cac0b9f115cff4c552eaa7ef9d50c4cbb4cc9",
    "https://deno.land/std@0.182.0/async/pool.ts": "fd082bd4aaf26445909889435a5c74334c017847842ec035739b4ae637ae8260",
    "https://deno.land/std@0.182.0/async/retry.ts": "dd19d93033d8eaddbfcb7654c0366e9d3b0a21448bdb06eba4a7d8a8cf936a92",
    "https://deno.land/std@0.182.0/async/tee.ts": "47e42d35f622650b02234d43803d0383a89eb4387e1b83b5a40106d18ae36757",
    "https://deno.land/std@0.182.0/datetime/to_imf.ts": "8f9c0af8b167031ffe2e03da01a12a3b0672cc7562f89c61942a0ab0129771b2",
    "https://deno.land/std@0.182.0/http/_negotiation/common.ts": "14d1a52427ab258a4b7161cd80e1d8a207b7cc64b46e911780f57ead5f4323c6",
    "https://deno.land/std@0.182.0/http/_negotiation/encoding.ts": "ff747d107277c88cb7a6a62a08eeb8d56dad91564cbcccb30694d5dc126dcc53",
    "https://deno.land/std@0.182.0/http/_negotiation/language.ts": "7bcddd8db3330bdb7ce4fc00a213c5547c1968139864201efd67ef2d0d51887d",
    "https://deno.land/std@0.182.0/http/_negotiation/media_type.ts": "58847517cd549384ad677c0fe89e0a4815be36fe7a303ea63cee5f6a1d7e1692",
    "https://deno.land/std@0.182.0/http/cookie.ts": "934f92d871d50852dbd7a836d721df5a9527b14381db16001b40991d30174ee4",
    "https://deno.land/std@0.182.0/http/cookie_map.ts": "d148a5eaf35f19905dd5104126fa47ac71105306dd42f129732365e43108b28a",
    "https://deno.land/std@0.182.0/http/http_errors.ts": "b9a18ef97d6c5966964de95e04d1f9f88a0f8bd8577c26fd402d9d632fb03a42",
    "https://deno.land/std@0.182.0/http/http_status.ts": "8a7bcfe3ac025199ad804075385e57f63d055b2aed539d943ccc277616d6f932",
    "https://deno.land/std@0.182.0/http/mod.ts": "10b293bcf24072aef2e57e0b91523822952134d5301405f64121bab178017bdc",
    "https://deno.land/std@0.182.0/http/negotiation.ts": "46e74a6bad4b857333a58dc5b50fe8e5a4d5267e97292293ea65f980bd918086",
    "https://deno.land/std@0.182.0/http/server.ts": "cbb17b594651215ba95c01a395700684e569c165a567e4e04bba327f41197433",
    "https://deno.land/std@0.182.0/http/server_sent_event.ts": "856764c8c058605bb618272833990b1f88b6de0dcc460f0f09749ba7e99dd656",
    "https://deno.land/x/deno_dom@v0.1.49/build/deno-wasm/deno-wasm.js": "d6841a06342eb6a2798ef28de79ad69c0f2fa349fa04d3ca45e5fcfbf50a9340",
    "https://deno.land/x/deno_dom@v0.1.49/deno-dom-wasm.ts": "0669396686fb207f1354af33df6aabe2189b4eceafdb1bf7f3d6bbb2637b6b03",
    "https://deno.land/x/deno_dom@v0.1.49/src/api.ts": "0ff5790f0a3eeecb4e00b7d8fbfa319b165962cf6d0182a65ba90f158d74f7d7",
    "https://deno.land/x/deno_dom@v0.1.49/src/constructor-lock.ts": "0e7b297e8b9cf921a3b0d3a692ec5fb462c5afc47ec554292e20090b9e16b40a",
    "https://deno.land/x/deno_dom@v0.1.49/src/deserialize.ts": "514953418b7ae558ed7361ad9be21013f46cba2f58bd7f4acc90cf1e89f9c8cf",
    "https://deno.land/x/deno_dom@v0.1.49/src/dom/document-fragment.ts": "0b915d094830d43b330dc2fb8012b990f2c815773c6cdcd4a9fdff99fe47412e",
    "https://deno.land/x/deno_dom@v0.1.49/src/dom/document.ts": "ad584ac4ce6dce03f0ff6ef4b7db86fd598f9c7824da1387f7f2acd7d6948e4a",
    "https://deno.land/x/deno_dom@v0.1.49/src/dom/dom-parser.ts": "784ee0e766d4a01e14420f328053fd3a0016c6b40ee442edc3ae80f5d9777927",
    "https://deno.land/x/deno_dom@v0.1.49/src/dom/element.ts": "7d330192fbfd406fb67ab7a3387576fe35fec129b7c52c2ea38615144fa5b12e",
    "https://deno.land/x/deno_dom@v0.1.49/src/dom/elements/html-template-element.ts": "1707dfb4cbb145f3bcb94426d7cdedbaa336620d0afed30e99f50fe87ba24a98",
    "https://deno.land/x/deno_dom@v0.1.49/src/dom/html-collection.ts": "68046d3f7380f1cb148188c53f48e337123acf3af533c52e74cba6d5e9846c3d",
    "https://deno.land/x/deno_dom@v0.1.49/src/dom/node-list.ts": "31b45dafce91d5f6d7e8f5c91cf4f6667842a971f09d40fd08f5ddd7cb3b1dab",
    "https://deno.land/x/deno_dom@v0.1.49/src/dom/node.ts": "53ada9e4b2ae21f10f5941ff257ed4585920ae392020544648f349c05d15d30c",
    "https://deno.land/x/deno_dom@v0.1.49/src/dom/selectors/custom-api.ts": "852696bd58e534bc41bd3be9e2250b60b67cd95fd28ed16b1deff1d548531a71",
    "https://deno.land/x/deno_dom@v0.1.49/src/dom/selectors/nwsapi-types.ts": "c43b36c36acc5d32caabaa54fda8c9d239b2b0fcbce9a28efb93c84aa1021698",
    "https://deno.land/x/deno_dom@v0.1.49/src/dom/selectors/nwsapi.js": "985d7d8fc1eabbb88946b47a1c44c1b2d4aa79ff23c21424219f1528fa27a2ff",
    "https://deno.land/x/deno_dom@v0.1.49/src/dom/selectors/selectors.ts": "83eab57be2290fb48e3130533448c93c6c61239f2a2f3b85f1917f80ca0fdc75",
    "https://deno.land/x/deno_dom@v0.1.49/src/dom/selectors/sizzle-types.ts": "78149e2502409989ce861ed636b813b059e16bc267bb543e7c2b26ef43e4798b",
    "https://deno.land/x/deno_dom@v0.1.49/src/dom/selectors/sizzle.js": "c3aed60c1045a106d8e546ac2f85cc82e65f62d9af2f8f515210b9212286682a",
    "https://deno.land/x/deno_dom@v0.1.49/src/dom/string-cache.ts": "8e935804f7bac244cc70cec90a28c9f6d30fea14c61c2c4ea48fca274376d786",
    "https://deno.land/x/deno_dom@v0.1.49/src/dom/utils-types.ts": "96db30e3e4a75b194201bb9fa30988215da7f91b380fca6a5143e51ece2a8436",
    "https://deno.land/x/deno_dom@v0.1.49/src/dom/utils.ts": "bc429635e9204051ba1ecc1b212031b5ee7c6bcd95120c91bef696804aa67e74",
    "https://deno.land/x/deno_dom@v0.1.49/src/parser.ts": "e06b2300d693e6ae7564e53dfa5c9a9e97fdb8c044c39c52c8b93b5d60860be3"
  },
  "workspace": {
    "dependencies": [
      "jsr:@hono/hono@^4.6.19"
    ]
  }
}
